
Microsoft Visual Studio Solution File, Format Version 12.00
# Visual Studio Version 17
VisualStudioVersion = 17.5.002.0
MinimumVisualStudioVersion = 10.0.40219.1
Project("{9A19103F-16F7-4668-BE54-9A1E7A4F7556}") = "Infisical.Sdk", "Infisical.Sdk\Infisical.Sdk.csproj", "{D2BB0AA0-0E58-42B6-B12A-C75FDDA81D5D}"
EndProject
Project("{9A19103F-16F7-4668-BE54-9A1E7A4F7556}") = "Infisical.Sample", "Infisical.Sdk.Samples\Infisical.Sdk.Samples.csproj", "{EBC73A64-E7D8-4CF1-8C6E-E39046766A49}"
EndProject
Global
	GlobalSection(SolutionConfigurationPlatforms) = preSolution
		Debug|Any CPU = Debug|Any CPU
		Release|Any CPU = Release|Any CPU
	EndGlobalSection
	GlobalSection(ProjectConfigurationPlatforms) = postSolution
		{D2BB0AA0-0E58-42B6-B12A-C75FDDA81D5D}.Debug|Any CPU.ActiveCfg = Debug|Any CPU
		{D2BB0AA0-0E58-42B6-B12A-C75FDDA81D5D}.Debug|Any CPU.Build.0 = Debug|Any CPU
		{D2BB0AA0-0E58-42B6-B12A-C75FDDA81D5D}.Release|Any CPU.ActiveCfg = Release|Any CPU
		{D2BB0AA0-0E58-42B6-B12A-C75FDDA81D5D}.Release|Any CPU.Build.0 = Release|Any CPU
		{EBC73A64-E7D8-4CF1-8C6E-E39046766A49}.Debug|Any CPU.ActiveCfg = Debug|Any CPU
		{EBC73A64-E7D8-4CF1-8C6E-E39046766A49}.Debug|Any CPU.Build.0 = Debug|Any CPU
		{EBC73A64-E7D8-4CF1-8C6E-E39046766A49}.Release|Any CPU.ActiveCfg = Release|Any CPU
		{EBC73A64-E7D8-4CF1-8C6E-E39046766A49}.Release|Any CPU.Build.0 = Release|Any CPU
	EndGlobalSection
	GlobalSection(SolutionProperties) = preSolution
		HideSolutionNode = FALSE
	EndGlobalSection
	GlobalSection(ExtensibilityGlobals) = postSolution
		SolutionGuid = {7B76F28E-9202-4763-8688-F6A4D3896CE9}
	EndGlobalSection
EndGlobal
